
Microsoft Visual Studio Solution File, Format Version 12.00
# Visual Studio Version 17
VisualStudioVersion = 17.7.34003.232
MinimumVisualStudioVersion = 10.0.40219.1
Project("{00D1A9C2-B5F0-4AF3-8072-F6C62B433612}") = "ADO_DB", "ADO_DB\ADO_DB.sqlproj", "{B0972A68-B6C9-4151-9D90-42C4D4642904}"
EndProject
Project("{9A19103F-16F7-4668-BE54-9A1E7A4F7556}") = "ADO_Console", "ADO_Console\ADO_Console.csproj", "{095C674F-4931-44A8-B5DA-5E6CC4F82A14}"
EndProject
Project("{FAE04EC0-301F-11D3-BF4B-00C04F79EFBC}") = "ADO_WebAPP", "ADO_WebAPP\ADO_WebAPP.csproj", "{EC56EACA-160E-4696-8C18-015D891C5AE5}"
EndProject
Global
	GlobalSection(SolutionConfigurationPlatforms) = preSolution
		Debug|Any CPU = Debug|Any CPU
		Release|Any CPU = Release|Any CPU
	EndGlobalSection
	GlobalSection(ProjectConfigurationPlatforms) = postSolution
		{B0972A68-B6C9-4151-9D90-42C4D4642904}.Debug|Any CPU.ActiveCfg = Debug|Any CPU
		{B0972A68-B6C9-4151-9D90-42C4D4642904}.Debug|Any CPU.Build.0 = Debug|Any CPU
		{B0972A68-B6C9-4151-9D90-42C4D4642904}.Debug|Any CPU.Deploy.0 = Debug|Any CPU
		{B0972A68-B6C9-4151-9D90-42C4D4642904}.Release|Any CPU.ActiveCfg = Release|Any CPU
		{B0972A68-B6C9-4151-9D90-42C4D4642904}.Release|Any CPU.Build.0 = Release|Any CPU
		{B0972A68-B6C9-4151-9D90-42C4D4642904}.Release|Any CPU.Deploy.0 = Release|Any CPU
		{095C674F-4931-44A8-B5DA-5E6CC4F82A14}.Debug|Any CPU.ActiveCfg = Debug|Any CPU
		{095C674F-4931-44A8-B5DA-5E6CC4F82A14}.Debug|Any CPU.Build.0 = Debug|Any CPU
		{095C674F-4931-44A8-B5DA-5E6CC4F82A14}.Release|Any CPU.ActiveCfg = Release|Any CPU
		{095C674F-4931-44A8-B5DA-5E6CC4F82A14}.Release|Any CPU.Build.0 = Release|Any CPU
		{EC56EACA-160E-4696-8C18-015D891C5AE5}.Debug|Any CPU.ActiveCfg = Debug|Any CPU
		{EC56EACA-160E-4696-8C18-015D891C5AE5}.Debug|Any CPU.Build.0 = Debug|Any CPU
		{EC56EACA-160E-4696-8C18-015D891C5AE5}.Release|Any CPU.ActiveCfg = Release|Any CPU
		{EC56EACA-160E-4696-8C18-015D891C5AE5}.Release|Any CPU.Build.0 = Release|Any CPU
	EndGlobalSection
	GlobalSection(SolutionProperties) = preSolution
		HideSolutionNode = FALSE
	EndGlobalSection
	GlobalSection(ExtensibilityGlobals) = postSolution
		SolutionGuid = {E180F658-ABAD-4838-9026-BC272E7946B2}
	EndGlobalSection
EndGlobal
